
Microsoft Visual Studio Solution File, Format Version 12.00
# Visual Studio Version 17
VisualStudioVersion = 17.10.35027.167
MinimumVisualStudioVersion = 10.0.40219.1
Project("{FAE04EC0-301F-11D3-BF4B-00C04F79EFBC}") = "BlazorApp1", "BlazorApp1\BlazorApp1.csproj", "{52FD1D76-8B42-42B1-8FA1-19D852A8595F}"
EndProject
Global
	GlobalSection(SolutionConfigurationPlatforms) = preSolution
		Debug|Any CPU = Debug|Any CPU
		Release|Any CPU = Release|Any CPU
	EndGlobalSection
	GlobalSection(ProjectConfigurationPlatforms) = postSolution
		{52FD1D76-8B42-42B1-8FA1-19D852A8595F}.Debug|Any CPU.ActiveCfg = Debug|Any CPU
		{52FD1D76-8B42-42B1-8FA1-19D852A8595F}.Debug|Any CPU.Build.0 = Debug|Any CPU
		{52FD1D76-8B42-42B1-8FA1-19D852A8595F}.Release|Any CPU.ActiveCfg = Release|Any CPU
		{52FD1D76-8B42-42B1-8FA1-19D852A8595F}.Release|Any CPU.Build.0 = Release|Any CPU
	EndGlobalSection
	GlobalSection(SolutionProperties) = preSolution
		HideSolutionNode = FALSE
	EndGlobalSection
	GlobalSection(ExtensibilityGlobals) = postSolution
		SolutionGuid = {9E00639C-1C10-465A-9523-E944EBBC4081}
	EndGlobalSection
EndGlobal
